
Microsoft Visual Studio Solution File, Format Version 12.00
# Visual Studio Version 16
VisualStudioVersion = 16.0.31105.61
MinimumVisualStudioVersion = 10.0.40219.1
Project("{FAE04EC0-301F-11D3-BF4B-00C04F79EFBC}") = "TFM.UWP", "TFM.UWP\TFM.UWP.csproj", "{2E235F03-F23B-4D18-B194-CDADEA27F051}"
EndProject
Project("{FAE04EC0-301F-11D3-BF4B-00C04F79EFBC}") = "TFM.Android", "TFM.Android\TFM.Android.csproj", "{B67BD981-F502-42B1-B8ED-D2F47440D19E}"
EndProject
Project("{FAE04EC0-301F-11D3-BF4B-00C04F79EFBC}") = "TFM.iOS", "TFM.iOS\TFM.iOS.csproj", "{C6302842-FD4D-42D8-9D7E-D19EBB7763F5}"
EndProject
Project("{FAE04EC0-301F-11D3-BF4B-00C04F79EFBC}") = "TFM", "TFM\TFM.csproj", "{E66C2D26-CD82-4CE5-8D92-53A0972C081A}"
EndProject
Global
	GlobalSection(SolutionConfigurationPlatforms) = preSolution
		Debug|Any CPU = Debug|Any CPU
		Debug|ARM = Debug|ARM
		Debug|iPhone = Debug|iPhone
		Debug|iPhoneSimulator = Debug|iPhoneSimulator
		Debug|x64 = Debug|x64
		Debug|x86 = Debug|x86
		Release|Any CPU = Release|Any CPU
		Release|ARM = Release|ARM
		Release|iPhone = Release|iPhone
		Release|iPhoneSimulator = Release|iPhoneSimulator
		Release|x64 = Release|x64
		Release|x86 = Release|x86
	EndGlobalSection
	GlobalSection(ProjectConfigurationPlatforms) = postSolution
		{2E235F03-F23B-4D18-B194-CDADEA27F051}.Debug|Any CPU.ActiveCfg = Debug|x86
		{2E235F03-F23B-4D18-B194-CDADEA27F051}.Debug|Any CPU.Build.0 = Debug|x86
		{2E235F03-F23B-4D18-B194-CDADEA27F051}.Debug|Any CPU.Deploy.0 = Debug|x86
		{2E235F03-F23B-4D18-B194-CDADEA27F051}.Debug|ARM.ActiveCfg = Debug|ARM
		{2E235F03-F23B-4D18-B194-CDADEA27F051}.Debug|ARM.Build.0 = Debug|ARM
		{2E235F03-F23B-4D18-B194-CDADEA27F051}.Debug|ARM.Deploy.0 = Debug|ARM
		{2E235F03-F23B-4D18-B194-CDADEA27F051}.Debug|iPhone.ActiveCfg = Debug|x86
		{2E235F03-F23B-4D18-B194-CDADEA27F051}.Debug|iPhone.Build.0 = Debug|x86
		{2E235F03-F23B-4D18-B194-CDADEA27F051}.Debug|iPhone.Deploy.0 = Debug|x86
		{2E235F03-F23B-4D18-B194-CDADEA27F051}.Debug|iPhoneSimulator.ActiveCfg = Debug|x86
		{2E235F03-F23B-4D18-B194-CDADEA27F051}.Debug|iPhoneSimulator.Build.0 = Debug|x86
		{2E235F03-F23B-4D18-B194-CDADEA27F051}.Debug|iPhoneSimulator.Deploy.0 = Debug|x86
		{2E235F03-F23B-4D18-B194-CDADEA27F051}.Debug|x64.ActiveCfg = Debug|x64
		{2E235F03-F23B-4D18-B194-CDADEA27F051}.Debug|x64.Build.0 = Debug|x64
		{2E235F03-F23B-4D18-B194-CDADEA27F051}.Debug|x64.Deploy.0 = Debug|x64
		{2E235F03-F23B-4D18-B194-CDADEA27F051}.Debug|x86.ActiveCfg = Debug|x86
		{2E235F03-F23B-4D18-B194-CDADEA27F051}.Debug|x86.Build.0 = Debug|x86
		{2E235F03-F23B-4D18-B194-CDADEA27F051}.Debug|x86.Deploy.0 = Debug|x86
		{2E235F03-F23B-4D18-B194-CDADEA27F051}.Release|Any CPU.ActiveCfg = Release|x86
		{2E235F03-F23B-4D18-B194-CDADEA27F051}.Release|Any CPU.Build.0 = Release|x86
		{2E235F03-F23B-4D18-B194-CDADEA27F051}.Release|Any CPU.Deploy.0 = Release|x86
		{2E235F03-F23B-4D18-B194-CDADEA27F051}.Release|ARM.ActiveCfg = Release|ARM
		{2E235F03-F23B-4D18-B194-CDADEA27F051}.Release|ARM.Build.0 = Release|ARM
		{2E235F03-F23B-4D18-B194-CDADEA27F051}.Release|ARM.Deploy.0 = Release|ARM
		{2E235F03-F23B-4D18-B194-CDADEA27F051}.Release|iPhone.ActiveCfg = Release|x86
		{2E235F03-F23B-4D18-B194-CDADEA27F051}.Release|iPhone.Build.0 = Release|x86
		{2E235F03-F23B-4D18-B194-CDADEA27F051}.Release|iPhone.Deploy.0 = Release|x86
		{2E235F03-F23B-4D18-B194-CDADEA27F051}.Release|iPhoneSimulator.ActiveCfg = Release|x86
		{2E235F03-F23B-4D18-B194-CDADEA27F051}.Release|iPhoneSimulator.Build.0 = Release|x86
		{2E235F03-F23B-4D18-B194-CDADEA27F051}.Release|iPhoneSimulator.Deploy.0 = Release|x86
		{2E235F03-F23B-4D18-B194-CDADEA27F051}.Release|x64.ActiveCfg = Release|x64
		{2E235F03-F23B-4D18-B194-CDADEA27F051}.Release|x64.Build.0 = Release|x64
		{2E235F03-F23B-4D18-B194-CDADEA27F051}.Release|x64.Deploy.0 = Release|x64
		{2E235F03-F23B-4D18-B194-CDADEA27F051}.Release|x86.ActiveCfg = Release|x86
		{2E235F03-F23B-4D18-B194-CDADEA27F051}.Release|x86.Build.0 = Release|x86
		{2E235F03-F23B-4D18-B194-CDADEA27F051}.Release|x86.Deploy.0 = Release|x86
		{B67BD981-F502-42B1-B8ED-D2F47440D19E}.Debug|Any CPU.ActiveCfg = Debug|Any CPU
		{B67BD981-F502-42B1-B8ED-D2F47440D19E}.Debug|Any CPU.Build.0 = Debug|Any CPU
		{B67BD981-F502-42B1-B8ED-D2F47440D19E}.Debug|Any CPU.Deploy.0 = Debug|Any CPU
		{B67BD981-F502-42B1-B8ED-D2F47440D19E}.Debug|ARM.ActiveCfg = Debug|Any CPU
		{B67BD981-F502-42B1-B8ED-D2F47440D19E}.Debug|ARM.Build.0 = Debug|Any CPU
		{B67BD981-F502-42B1-B8ED-D2F47440D19E}.Debug|ARM.Deploy.0 = Debug|Any CPU
		{B67BD981-F502-42B1-B8ED-D2F47440D19E}.Debug|iPhone.ActiveCfg = Debug|Any CPU
		{B67BD981-F502-42B1-B8ED-D2F47440D19E}.Debug|iPhone.Build.0 = Debug|Any CPU
		{B67BD981-F502-42B1-B8ED-D2F47440D19E}.Debug|iPhone.Deploy.0 = Debug|Any CPU
		{B67BD981-F502-42B1-B8ED-D2F47440D19E}.Debug|iPhoneSimulator.ActiveCfg = Debug|Any CPU
		{B67BD981-F502-42B1-B8ED-D2F47440D19E}.Debug|iPhoneSimulator.Build.0 = Debug|Any CPU
		{B67BD981-F502-42B1-B8ED-D2F47440D19E}.Debug|iPhoneSimulator.Deploy.0 = Debug|Any CPU
		{B67BD981-F502-42B1-B8ED-D2F47440D19E}.Debug|x64.ActiveCfg = Debug|Any CPU
		{B67BD981-F502-42B1-B8ED-D2F47440D19E}.Debug|x64.Build.0 = Debug|Any CPU
		{B67BD981-F502-42B1-B8ED-D2F47440D19E}.Debug|x64.Deploy.0 = Debug|Any CPU
		{B67BD981-F502-42B1-B8ED-D2F47440D19E}.Debug|x86.ActiveCfg = Debug|Any CPU
		{B67BD981-F502-42B1-B8ED-D2F47440D19E}.Debug|x86.Build.0 = Debug|Any CPU
		{B67BD981-F502-42B1-B8ED-D2F47440D19E}.Debug|x86.Deploy.0 = Debug|Any CPU
		{B67BD981-F502-42B1-B8ED-D2F47440D19E}.Release|Any CPU.ActiveCfg = Release|Any CPU
		{B67BD981-F502-42B1-B8ED-D2F47440D19E}.Release|Any CPU.Build.0 = Release|Any CPU
		{B67BD981-F502-42B1-B8ED-D2F47440D19E}.Release|Any CPU.Deploy.0 = Release|Any CPU
		{B67BD981-F502-42B1-B8ED-D2F47440D19E}.Release|ARM.ActiveCfg = Release|Any CPU
		{B67BD981-F502-42B1-B8ED-D2F47440D19E}.Release|ARM.Build.0 = Release|Any CPU
		{B67BD981-F502-42B1-B8ED-D2F47440D19E}.Release|ARM.Deploy.0 = Release|Any CPU
		{B67BD981-F502-42B1-B8ED-D2F47440D19E}.Release|iPhone.ActiveCfg = Release|Any CPU
		{B67BD981-F502-42B1-B8ED-D2F47440D19E}.Release|iPhone.Build.0 = Release|Any CPU
		{B67BD981-F502-42B1-B8ED-D2F47440D19E}.Release|iPhone.Deploy.0 = Release|Any CPU
		{B67BD981-F502-42B1-B8ED-D2F47440D19E}.Release|iPhoneSimulator.ActiveCfg = Release|Any CPU
		{B67BD981-F502-42B1-B8ED-D2F47440D19E}.Release|iPhoneSimulator.Build.0 = Release|Any CPU
		{B67BD981-F502-42B1-B8ED-D2F47440D19E}.Release|iPhoneSimulator.Deploy.0 = Release|Any CPU
		{B67BD981-F502-42B1-B8ED-D2F47440D19E}.Release|x64.ActiveCfg = Release|Any CPU
		{B67BD981-F502-42B1-B8ED-D2F47440D19E}.Release|x64.Build.0 = Release|Any CPU
		{B67BD981-F502-42B1-B8ED-D2F47440D19E}.Release|x64.Deploy.0 = Release|Any CPU
		{B67BD981-F502-42B1-B8ED-D2F47440D19E}.Release|x86.ActiveCfg = Release|Any CPU
		{B67BD981-F502-42B1-B8ED-D2F47440D19E}.Release|x86.Build.0 = Release|Any CPU
		{B67BD981-F502-42B1-B8ED-D2F47440D19E}.Release|x86.Deploy.0 = Release|Any CPU
		{C6302842-FD4D-42D8-9D7E-D19EBB7763F5}.Debug|Any CPU.ActiveCfg = Debug|iPhoneSimulator
		{C6302842-FD4D-42D8-9D7E-D19EBB7763F5}.Debug|Any CPU.Build.0 = Debug|iPhoneSimulator
		{C6302842-FD4D-42D8-9D7E-D19EBB7763F5}.Debug|Any CPU.Deploy.0 = Debug|iPhoneSimulator
		{C6302842-FD4D-42D8-9D7E-D19EBB7763F5}.Debug|ARM.ActiveCfg = Debug|iPhone
		{C6302842-FD4D-42D8-9D7E-D19EBB7763F5}.Debug|ARM.Build.0 = Debug|iPhone
		{C6302842-FD4D-42D8-9D7E-D19EBB7763F5}.Debug|ARM.Deploy.0 = Debug|iPhone
		{C6302842-FD4D-42D8-9D7E-D19EBB7763F5}.Debug|iPhone.ActiveCfg = Debug|iPhone
		{C6302842-FD4D-42D8-9D7E-D19EBB7763F5}.Debug|iPhone.Build.0 = Debug|iPhone
		{C6302842-FD4D-42D8-9D7E-D19EBB7763F5}.Debug|iPhone.Deploy.0 = Debug|iPhone
		{C6302842-FD4D-42D8-9D7E-D19EBB7763F5}.Debug|iPhoneSimulator.ActiveCfg = Debug|iPhoneSimulator
		{C6302842-FD4D-42D8-9D7E-D19EBB7763F5}.Debug|iPhoneSimulator.Build.0 = Debug|iPhoneSimulator
		{C6302842-FD4D-42D8-9D7E-D19EBB7763F5}.Debug|iPhoneSimulator.Deploy.0 = Debug|iPhoneSimulator
		{C6302842-FD4D-42D8-9D7E-D19EBB7763F5}.Debug|x64.ActiveCfg = Debug|iPhoneSimulator
		{C6302842-FD4D-42D8-9D7E-D19EBB7763F5}.Debug|x64.Build.0 = Debug|iPhoneSimulator
		{C6302842-FD4D-42D8-9D7E-D19EBB7763F5}.Debug|x64.Deploy.0 = Debug|iPhoneSimulator
		{C6302842-FD4D-42D8-9D7E-D19EBB7763F5}.Debug|x86.ActiveCfg = Debug|iPhoneSimulator
		{C6302842-FD4D-42D8-9D7E-D19EBB7763F5}.Debug|x86.Build.0 = Debug|iPhoneSimulator
		{C6302842-FD4D-42D8-9D7E-D19EBB7763F5}.Debug|x86.Deploy.0 = Debug|iPhoneSimulator
		{C6302842-FD4D-42D8-9D7E-D19EBB7763F5}.Release|Any CPU.ActiveCfg = Release|iPhoneSimulator
		{C6302842-FD4D-42D8-9D7E-D19EBB7763F5}.Release|Any CPU.Build.0 = Release|iPhoneSimulator
		{C6302842-FD4D-42D8-9D7E-D19EBB7763F5}.Release|Any CPU.Deploy.0 = Release|iPhoneSimulator
		{C6302842-FD4D-42D8-9D7E-D19EBB7763F5}.Release|ARM.ActiveCfg = Release|iPhoneSimulator
		{C6302842-FD4D-42D8-9D7E-D19EBB7763F5}.Release|ARM.Build.0 = Release|iPhoneSimulator
		{C6302842-FD4D-42D8-9D7E-D19EBB7763F5}.Release|ARM.Deploy.0 = Release|iPhoneSimulator
		{C6302842-FD4D-42D8-9D7E-D19EBB7763F5}.Release|iPhone.ActiveCfg = Release|iPhone
		{C6302842-FD4D-42D8-9D7E-D19EBB7763F5}.Release|iPhone.Build.0 = Release|iPhone
		{C6302842-FD4D-42D8-9D7E-D19EBB7763F5}.Release|iPhone.Deploy.0 = Release|iPhone
		{C6302842-FD4D-42D8-9D7E-D19EBB7763F5}.Release|iPhoneSimulator.ActiveCfg = Release|iPhoneSimulator
		{C6302842-FD4D-42D8-9D7E-D19EBB7763F5}.Release|iPhoneSimulator.Build.0 = Release|iPhoneSimulator
		{C6302842-FD4D-42D8-9D7E-D19EBB7763F5}.Release|iPhoneSimulator.Deploy.0 = Release|iPhoneSimulator
		{C6302842-FD4D-42D8-9D7E-D19EBB7763F5}.Release|x64.ActiveCfg = Release|iPhoneSimulator
		{C6302842-FD4D-42D8-9D7E-D19EBB7763F5}.Release|x64.Build.0 = Release|iPhoneSimulator
		{C6302842-FD4D-42D8-9D7E-D19EBB7763F5}.Release|x64.Deploy.0 = Release|iPhoneSimulator
		{C6302842-FD4D-42D8-9D7E-D19EBB7763F5}.Release|x86.ActiveCfg = Release|iPhoneSimulator
		{C6302842-FD4D-42D8-9D7E-D19EBB7763F5}.Release|x86.Build.0 = Release|iPhoneSimulator
		{C6302842-FD4D-42D8-9D7E-D19EBB7763F5}.Release|x86.Deploy.0 = Release|iPhoneSimulator
		{E66C2D26-CD82-4CE5-8D92-53A0972C081A}.Debug|Any CPU.ActiveCfg = Debug|Any CPU
		{E66C2D26-CD82-4CE5-8D92-53A0972C081A}.Debug|Any CPU.Build.0 = Debug|Any CPU
		{E66C2D26-CD82-4CE5-8D92-53A0972C081A}.Debug|Any CPU.Deploy.0 = Debug|Any CPU
		{E66C2D26-CD82-4CE5-8D92-53A0972C081A}.Debug|ARM.ActiveCfg = Debug|Any CPU
		{E66C2D26-CD82-4CE5-8D92-53A0972C081A}.Debug|ARM.Build.0 = Debug|Any CPU
		{E66C2D26-CD82-4CE5-8D92-53A0972C081A}.Debug|ARM.Deploy.0 = Debug|Any CPU
		{E66C2D26-CD82-4CE5-8D92-53A0972C081A}.Debug|iPhone.ActiveCfg = Debug|Any CPU
		{E66C2D26-CD82-4CE5-8D92-53A0972C081A}.Debug|iPhone.Build.0 = Debug|Any CPU
		{E66C2D26-CD82-4CE5-8D92-53A0972C081A}.Debug|iPhone.Deploy.0 = Debug|Any CPU
		{E66C2D26-CD82-4CE5-8D92-53A0972C081A}.Debug|iPhoneSimulator.ActiveCfg = Debug|Any CPU
		{E66C2D26-CD82-4CE5-8D92-53A0972C081A}.Debug|iPhoneSimulator.Build.0 = Debug|Any CPU
		{E66C2D26-CD82-4CE5-8D92-53A0972C081A}.Debug|iPhoneSimulator.Deploy.0 = Debug|Any CPU
		{E66C2D26-CD82-4CE5-8D92-53A0972C081A}.Debug|x64.ActiveCfg = Debug|Any CPU
		{E66C2D26-CD82-4CE5-8D92-53A0972C081A}.Debug|x64.Build.0 = Debug|Any CPU
		{E66C2D26-CD82-4CE5-8D92-53A0972C081A}.Debug|x64.Deploy.0 = Debug|Any CPU
		{E66C2D26-CD82-4CE5-8D92-53A0972C081A}.Debug|x86.ActiveCfg = Debug|Any CPU
		{E66C2D26-CD82-4CE5-8D92-53A0972C081A}.Debug|x86.Build.0 = Debug|Any CPU
		{E66C2D26-CD82-4CE5-8D92-53A0972C081A}.Debug|x86.Deploy.0 = Debug|Any CPU
		{E66C2D26-CD82-4CE5-8D92-53A0972C081A}.Release|Any CPU.ActiveCfg = Release|Any CPU
		{E66C2D26-CD82-4CE5-8D92-53A0972C081A}.Release|Any CPU.Build.0 = Release|Any CPU
		{E66C2D26-CD82-4CE5-8D92-53A0972C081A}.Release|Any CPU.Deploy.0 = Release|Any CPU
		{E66C2D26-CD82-4CE5-8D92-53A0972C081A}.Release|ARM.ActiveCfg = Release|Any CPU
		{E66C2D26-CD82-4CE5-8D92-53A0972C081A}.Release|ARM.Build.0 = Release|Any CPU
		{E66C2D26-CD82-4CE5-8D92-53A0972C081A}.Release|ARM.Deploy.0 = Release|Any CPU
		{E66C2D26-CD82-4CE5-8D92-53A0972C081A}.Release|iPhone.ActiveCfg = Release|Any CPU
		{E66C2D26-CD82-4CE5-8D92-53A0972C081A}.Release|iPhone.Build.0 = Release|Any CPU
		{E66C2D26-CD82-4CE5-8D92-53A0972C081A}.Release|iPhone.Deploy.0 = Release|Any CPU
		{E66C2D26-CD82-4CE5-8D92-53A0972C081A}.Release|iPhoneSimulator.ActiveCfg = Release|Any CPU
		{E66C2D26-CD82-4CE5-8D92-53A0972C081A}.Release|iPhoneSimulator.Build.0 = Release|Any CPU
		{E66C2D26-CD82-4CE5-8D92-53A0972C081A}.Release|iPhoneSimulator.Deploy.0 = Release|Any CPU
		{E66C2D26-CD82-4CE5-8D92-53A0972C081A}.Release|x64.ActiveCfg = Release|Any CPU
		{E66C2D26-CD82-4CE5-8D92-53A0972C081A}.Release|x64.Build.0 = Release|Any CPU
		{E66C2D26-CD82-4CE5-8D92-53A0972C081A}.Release|x64.Deploy.0 = Release|Any CPU
		{E66C2D26-CD82-4CE5-8D92-53A0972C081A}.Release|x86.ActiveCfg = Release|Any CPU
		{E66C2D26-CD82-4CE5-8D92-53A0972C081A}.Release|x86.Build.0 = Release|Any CPU
		{E66C2D26-CD82-4CE5-8D92-53A0972C081A}.Release|x86.Deploy.0 = Release|Any CPU
	EndGlobalSection
	GlobalSection(SolutionProperties) = preSolution
		HideSolutionNode = FALSE
	EndGlobalSection
	GlobalSection(ExtensibilityGlobals) = postSolution
		SolutionGuid = {04AE74B3-E9E3-435E-B2E1-4D0757846E86}
	EndGlobalSection
EndGlobal
